
Microsoft Visual Studio Solution File, Format Version 12.00
# Visual Studio 15
VisualStudioVersion = 15.0.26430.15
MinimumVisualStudioVersion = 10.0.40219.1
Project("{FAE04EC0-301F-11D3-BF4B-00C04F79EFBC}") = "Forms.Tests", "Forms.Tests\Forms.Tests.csproj", "{8D1A88E8-0BB2-4F24-BB40-EB176E9B86AD}"
EndProject
Project("{FAE04EC0-301F-11D3-BF4B-00C04F79EFBC}") = "Form", "Form\Form.csproj", "{7001D88A-17DF-49A2-B5C3-3BB096B2C0AF}"
EndProject
Global
	GlobalSection(SolutionConfigurationPlatforms) = preSolution
		Debug|Any CPU = Debug|Any CPU
		Release|Any CPU = Release|Any CPU
	EndGlobalSection
	GlobalSection(ProjectConfigurationPlatforms) = postSolution
		{8D1A88E8-0BB2-4F24-BB40-EB176E9B86AD}.Debug|Any CPU.ActiveCfg = Debug|Any CPU
		{8D1A88E8-0BB2-4F24-BB40-EB176E9B86AD}.Debug|Any CPU.Build.0 = Debug|Any CPU
		{8D1A88E8-0BB2-4F24-BB40-EB176E9B86AD}.Release|Any CPU.ActiveCfg = Release|Any CPU
		{8D1A88E8-0BB2-4F24-BB40-EB176E9B86AD}.Release|Any CPU.Build.0 = Release|Any CPU
		{7001D88A-17DF-49A2-B5C3-3BB096B2C0AF}.Debug|Any CPU.ActiveCfg = Debug|Any CPU
		{7001D88A-17DF-49A2-B5C3-3BB096B2C0AF}.Debug|Any CPU.Build.0 = Debug|Any CPU
		{7001D88A-17DF-49A2-B5C3-3BB096B2C0AF}.Release|Any CPU.ActiveCfg = Release|Any CPU
		{7001D88A-17DF-49A2-B5C3-3BB096B2C0AF}.Release|Any CPU.Build.0 = Release|Any CPU
	EndGlobalSection
	GlobalSection(SolutionProperties) = preSolution
		HideSolutionNode = FALSE
	EndGlobalSection
EndGlobal
